
Microsoft Visual Studio Solution File, Format Version 12.00
# Visual Studio Version 17
VisualStudioVersion = 17.14.36310.24 d17.14
MinimumVisualStudioVersion = 10.0.40219.1
Project("{FAE04EC0-301F-11D3-BF4B-00C04F79EFBC}") = "BookstoreAPI", "BookstoreAPI\BookstoreAPI.csproj", "{51E77C64-4D6B-4E9C-8A2F-F2C46C5A5853}"
EndProject
Project("{FAE04EC0-301F-11D3-BF4B-00C04F79EFBC}") = "Application", "Application\Application.csproj", "{E7356EFC-0740-450B-B77C-3442D5BF3CBC}"
EndProject
Project("{FAE04EC0-301F-11D3-BF4B-00C04F79EFBC}") = "Infrastructure", "Infrastructure\Infrastructure.csproj", "{653A2296-E46C-48BE-B758-22980204645E}"
EndProject
Project("{FAE04EC0-301F-11D3-BF4B-00C04F79EFBC}") = "Domain", "Domain\Domain.csproj", "{C87A20FC-7FD3-49DB-954F-194DD8865D88}"
EndProject
Global
	GlobalSection(SolutionConfigurationPlatforms) = preSolution
		Debug|Any CPU = Debug|Any CPU
		Release|Any CPU = Release|Any CPU
	EndGlobalSection
	GlobalSection(ProjectConfigurationPlatforms) = postSolution
		{51E77C64-4D6B-4E9C-8A2F-F2C46C5A5853}.Debug|Any CPU.ActiveCfg = Debug|Any CPU
		{51E77C64-4D6B-4E9C-8A2F-F2C46C5A5853}.Debug|Any CPU.Build.0 = Debug|Any CPU
		{51E77C64-4D6B-4E9C-8A2F-F2C46C5A5853}.Release|Any CPU.ActiveCfg = Release|Any CPU
		{51E77C64-4D6B-4E9C-8A2F-F2C46C5A5853}.Release|Any CPU.Build.0 = Release|Any CPU
		{E7356EFC-0740-450B-B77C-3442D5BF3CBC}.Debug|Any CPU.ActiveCfg = Debug|Any CPU
		{E7356EFC-0740-450B-B77C-3442D5BF3CBC}.Debug|Any CPU.Build.0 = Debug|Any CPU
		{E7356EFC-0740-450B-B77C-3442D5BF3CBC}.Release|Any CPU.ActiveCfg = Release|Any CPU
		{E7356EFC-0740-450B-B77C-3442D5BF3CBC}.Release|Any CPU.Build.0 = Release|Any CPU
		{653A2296-E46C-48BE-B758-22980204645E}.Debug|Any CPU.ActiveCfg = Debug|Any CPU
		{653A2296-E46C-48BE-B758-22980204645E}.Debug|Any CPU.Build.0 = Debug|Any CPU
		{653A2296-E46C-48BE-B758-22980204645E}.Release|Any CPU.ActiveCfg = Release|Any CPU
		{653A2296-E46C-48BE-B758-22980204645E}.Release|Any CPU.Build.0 = Release|Any CPU
		{C87A20FC-7FD3-49DB-954F-194DD8865D88}.Debug|Any CPU.ActiveCfg = Debug|Any CPU
		{C87A20FC-7FD3-49DB-954F-194DD8865D88}.Debug|Any CPU.Build.0 = Debug|Any CPU
		{C87A20FC-7FD3-49DB-954F-194DD8865D88}.Release|Any CPU.ActiveCfg = Release|Any CPU
		{C87A20FC-7FD3-49DB-954F-194DD8865D88}.Release|Any CPU.Build.0 = Release|Any CPU
	EndGlobalSection
	GlobalSection(SolutionProperties) = preSolution
		HideSolutionNode = FALSE
	EndGlobalSection
	GlobalSection(ExtensibilityGlobals) = postSolution
		SolutionGuid = {0054C752-63AC-40E6-81D7-0084B16CDEAA}
	EndGlobalSection
EndGlobal
